{
  "name": "fixture-node-b",
  "version": "0.0.0",
  "lockfileVersion": 3,
  "requires": true,
  "packages": {
    "": {
      "name": "fixture-node-b",
      "version": "0.0.0",
      "dependencies": {
        "handlebars": "4.0.11"
      }
    },
    "node_modules/handlebars": {
      "version": "4.0.11",
      "resolved": "https://registry.npmjs.org/handlebars/-/handlebars-4.0.11.tgz"
    }
  }
}